// !$*UTF8*$!
{
	archiveVersion = 1;
	classes = {
	};
	objectVersion = 46;
	objects = {

/* Begin PBXBuildFile section */
		602152171C79EB0200E2D3BE /* main.m in Sources */ = {isa = PBXBuildFile; fileRef = 602152161C79EB0200E2D3BE /* main.m */; };
		6021521A1C79EB0200E2D3BE /* AppDelegate.m in Sources */ = {isa = PBXBuildFile; fileRef = 602152191C79EB0200E2D3BE /* AppDelegate.m */; };
		6021521D1C79EB0200E2D3BE /* ViewController.m in Sources */ = {isa = PBXBuildFile; fileRef = 6021521C1C79EB0200E2D3BE /* ViewController.m */; };
		602152201C79EB0200E2D3BE /* Main.storyboard in Resources */ = {isa = PBXBuildFile; fileRef = 6021521E1C79EB0200E2D3BE /* Main.storyboard */; };
		602152221C79EB0200E2D3BE /* Assets.xcassets in Resources */ = {isa = PBXBuildFile; fileRef = 602152211C79EB0200E2D3BE /* Assets.xcassets */; };
		602152251C79EB0200E2D3BE /* LaunchScreen.storyboard in Resources */ = {isa = PBXBuildFile; fileRef = 602152231C79EB0200E2D3BE /* LaunchScreen.storyboard */; };
		602152301C79EB0200E2D3BE /* langnuoTests.m in Sources */ = {isa = PBXBuildFile; fileRef = 6021522F1C79EB0200E2D3BE /* langnuoTests.m */; };
		6021523B1C79EB0200E2D3BE /* langnuoUITests.m in Sources */ = {isa = PBXBuildFile; fileRef = 6021523A1C79EB0200E2D3BE /* langnuoUITests.m */; };
		608456201E7774C50099A529 /* langnuoTabBarViewController.m in Sources */ = {isa = PBXBuildFile; fileRef = 6084561F1E7774C50099A529 /* langnuoTabBarViewController.m */; };
		60B6F6CE1C868514003C8F39 /* IOS知识结构图.png in Resources */ = {isa = PBXBuildFile; fileRef = 60B6F6CD1C868514003C8F39 /* IOS知识结构图.png */; };
/* End PBXBuildFile section */

/* Begin PBXContainerItemProxy section */
		6021522C1C79EB0200E2D3BE /* PBXContainerItemProxy */ = {
			isa = PBXContainerItemProxy;
			containerPortal = 6021520A1C79EB0200E2D3BE /* Project object */;
			proxyType = 1;
			remoteGlobalIDString = 602152111C79EB0200E2D3BE;
			remoteInfo = langnuo;
		};
		602152371C79EB0200E2D3BE /* PBXContainerItemProxy */ = {
			isa = PBXContainerItemProxy;
			containerPortal = 6021520A1C79EB0200E2D3BE /* Project object */;
			proxyType = 1;
			remoteGlobalIDString = 602152111C79EB0200E2D3BE;
			remoteInfo = langnuo;
		};
/* End PBXContainerItemProxy section */

/* Begin PBXFileReference section */
		602152121C79EB0200E2D3BE /* langnuo.app */ = {isa = PBXFileReference; explicitFileType = wrapper.application; includeInIndex = 0; path = langnuo.app; sourceTree = BUILT_PRODUCTS_DIR; };
		602152161C79EB0200E2D3BE /* main.m */ = {isa = PBXFileReference; lastKnownFileType = sourcecode.c.objc; path = main.m; sourceTree = "<group>"; };
		602152181C79EB0200E2D3BE /* AppDelegate.h */ = {isa = PBXFileReference; lastKnownFileType = sourcecode.c.h; path = AppDelegate.h; sourceTree = "<group>"; };
		602152191C79EB0200E2D3BE /* AppDelegate.m */ = {isa = PBXFileReference; lastKnownFileType = sourcecode.c.objc; path = AppDelegate.m; sourceTree = "<group>"; };
		6021521B1C79EB0200E2D3BE /* ViewController.h */ = {isa = PBXFileReference; lastKnownFileType = sourcecode.c.h; path = ViewController.h; sourceTree = "<group>"; };
		6021521C1C79EB0200E2D3BE /* ViewController.m */ = {isa = PBXFileReference; lastKnownFileType = sourcecode.c.objc; path = ViewController.m; sourceTree = "<group>"; };
		6021521F1C79EB0200E2D3BE /* Base */ = {isa = PBXFileReference; lastKnownFileType = file.storyboard; name = Base; path = Base.lproj/Main.storyboard; sourceTree = "<group>"; };
		602152211C79EB0200E2D3BE /* Assets.xcassets */ = {isa = PBXFileReference; lastKnownFileType = folder.assetcatalog; path = Assets.xcassets; sourceTree = "<group>"; };
		602152241C79EB0200E2D3BE /* Base */ = {isa = PBXFileReference; lastKnownFileType = file.storyboard; name = Base; path = Base.lproj/LaunchScreen.storyboard; sourceTree = "<group>"; };
		602152261C79EB0200E2D3BE /* Info.plist */ = {isa = PBXFileReference; lastKnownFileType = text.plist.xml; path = Info.plist; sourceTree = "<group>"; };
		6021522B1C79EB0200E2D3BE /* langnuoTests.xctest */ = {isa = PBXFileReference; explicitFileType = wrapper.cfbundle; includeInIndex = 0; path = langnuoTests.xctest; sourceTree = BUILT_PRODUCTS_DIR; };
		6021522F1C79EB0200E2D3BE /* langnuoTests.m */ = {isa = PBXFileReference; lastKnownFileType = sourcecode.c.objc; path = langnuoTests.m; sourceTree = "<group>"; };
		602152311C79EB0200E2D3BE /* Info.plist */ = {isa = PBXFileReference; lastKnownFileType = text.plist.xml; path = Info.plist; sourceTree = "<group>"; };
		602152361C79EB0200E2D3BE /* langnuoUITests.xctest */ = {isa = PBXFileReference; explicitFileType = wrapper.cfbundle; includeInIndex = 0; path = langnuoUITests.xctest; sourceTree = BUILT_PRODUCTS_DIR; };
		6021523A1C79EB0200E2D3BE /* langnuoUITests.m */ = {isa = PBXFileReference; lastKnownFileType = sourcecode.c.objc; path = langnuoUITests.m; sourceTree = "<group>"; };
		6021523C1C79EB0200E2D3BE /* Info.plist */ = {isa = PBXFileReference; lastKnownFileType = text.plist.xml; path = Info.plist; sourceTree = "<group>"; };
		6084561E1E7774C50099A529 /* langnuoTabBarViewController.h */ = {isa = PBXFileReference; fileEncoding = 4; lastKnownFileType = sourcecode.c.h; path = langnuoTabBarViewController.h; sourceTree = "<group>"; };
		6084561F1E7774C50099A529 /* langnuoTabBarViewController.m */ = {isa = PBXFileReference; fileEncoding = 4; lastKnownFileType = sourcecode.c.objc; path = langnuoTabBarViewController.m; sourceTree = "<group>"; };
		60B6F6CD1C868514003C8F39 /* IOS知识结构图.png */ = {isa = PBXFileReference; lastKnownFileType = image.png; path = "IOS知识结构图.png"; sourceTree = "<group>"; };
/* End PBXFileReference section */

/* Begin PBXFrameworksBuildPhase section */
		6021520F1C79EB0200E2D3BE /* Frameworks */ = {
			isa = PBXFrameworksBuildPhase;
			buildActionMask = 2147483647;
			files = (
			);
			runOnlyForDeploymentPostprocessing = 0;
		};
		602152281C79EB0200E2D3BE /* Frameworks */ = {
			isa = PBXFrameworksBuildPhase;
			buildActionMask = 2147483647;
			files = (
			);
			runOnlyForDeploymentPostprocessing = 0;
		};
		602152331C79EB0200E2D3BE /* Frameworks */ = {
			isa = PBXFrameworksBuildPhase;
			buildActionMask = 2147483647;
			files = (
			);
			runOnlyForDeploymentPostprocessing = 0;
		};
/* End PBXFrameworksBuildPhase section */

/* Begin PBXGroup section */
		602152091C79EB0200E2D3BE = {
			isa = PBXGroup;
			children = (
				60B6F6CD1C868514003C8F39 /* IOS知识结构图.png */,
				602152141C79EB0200E2D3BE /* langnuo */,
				6021522E1C79EB0200E2D3BE /* langnuoTests */,
				602152391C79EB0200E2D3BE /* langnuoUITests */,
				602152131C79EB0200E2D3BE /* Products */,
			);
			sourceTree = "<group>";
		};
		602152131C79EB0200E2D3BE /* Products */ = {
			isa = PBXGroup;
			children = (
				602152121C79EB0200E2D3BE /* langnuo.app */,
				6021522B1C79EB0200E2D3BE /* langnuoTests.xctest */,
				602152361C79EB0200E2D3BE /* langnuoUITests.xctest */,
			);
			name = Products;
			sourceTree = "<group>";
		};
		602152141C79EB0200E2D3BE /* langnuo */ = {
			isa = PBXGroup;
			children = (
				6084561D1E7774850099A529 /* Control */,
				602152181C79EB0200E2D3BE /* AppDelegate.h */,
				602152191C79EB0200E2D3BE /* AppDelegate.m */,
				6021521B1C79EB0200E2D3BE /* ViewController.h */,
				6021521C1C79EB0200E2D3BE /* ViewController.m */,
				6021521E1C79EB0200E2D3BE /* Main.storyboard */,
				602152211C79EB0200E2D3BE /* Assets.xcassets */,
				602152231C79EB0200E2D3BE /* LaunchScreen.storyboard */,
				602152261C79EB0200E2D3BE /* Info.plist */,
				602152151C79EB0200E2D3BE /* Supporting Files */,
			);
			path = langnuo;
			sourceTree = "<group>";
		};
		602152151C79EB0200E2D3BE /* Supporting Files */ = {
			isa = PBXGroup;
			children = (
				602152161C79EB0200E2D3BE /* main.m */,
			);
			name = "Supporting Files";
			sourceTree = "<group>";
		};
		6021522E1C79EB0200E2D3BE /* langnuoTests */ = {
			isa = PBXGroup;
			children = (
				6021522F1C79EB0200E2D3BE /* langnuoTests.m */,
				602152311C79EB0200E2D3BE /* Info.plist */,
			);
			path = langnuoTests;
			sourceTree = "<group>";
		};
		602152391C79EB0200E2D3BE /* langnuoUITests */ = {
			isa = PBXGroup;
			children = (
				6021523A1C79EB0200E2D3BE /* langnuoUITests.m */,
				6021523C1C79EB0200E2D3BE /* Info.plist */,
			);
			path = langnuoUITests;
			sourceTree = "<group>";
		};
		6084561D1E7774850099A529 /* Control */ = {
			isa = PBXGroup;
			children = (
				6084561E1E7774C50099A529 /* langnuoTabBarViewController.h */,
				6084561F1E7774C50099A529 /* langnuoTabBarViewController.m */,
			);
			path = Control;
			sourceTree = "<group>";
		};
/* End PBXGroup section */

/* Begin PBXNativeTarget section */
		602152111C79EB0200E2D3BE /* langnuo */ = {
			isa = PBXNativeTarget;
			buildConfigurationList = 6021523F1C79EB0200E2D3BE /* Build configuration list for PBXNativeTarget "langnuo" */;
			buildPhases = (
				6021520E1C79EB0200E2D3BE /* Sources */,
				6021520F1C79EB0200E2D3BE /* Frameworks */,
				602152101C79EB0200E2D3BE /* Resources */,
			);
			buildRules = (
			);
			dependencies = (
			);
			name = langnuo;
			productName = langnuo;
			productReference = 602152121C79EB0200E2D3BE /* langnuo.app */;
			productType = "com.apple.product-type.application";
		};
		6021522A1C79EB0200E2D3BE /* langnuoTests */ = {
			isa = PBXNativeTarget;
			buildConfigurationList = 602152421C79EB0200E2D3BE /* Build configuration list for PBXNativeTarget "langnuoTests" */;
			buildPhases = (
				602152271C79EB0200E2D3BE /* Sources */,
				602152281C79EB0200E2D3BE /* Frameworks */,
				602152291C79EB0200E2D3BE /* Resources */,
			);
			buildRules = (
			);
			dependencies = (
				6021522D1C79EB0200E2D3BE /* PBXTargetDependency */,
			);
			name = langnuoTests;
			productName = langnuoTests;
			productReference = 6021522B1C79EB0200E2D3BE /* langnuoTests.xctest */;
			productType = "com.apple.product-type.bundle.unit-test";
		};
		602152351C79EB0200E2D3BE /* langnuoUITests */ = {
			isa = PBXNativeTarget;
			buildConfigurationList = 602152451C79EB0200E2D3BE /* Build configuration list for PBXNativeTarget "langnuoUITests" */;
			buildPhases = (
				602152321C79EB0200E2D3BE /* Sources */,
				602152331C79EB0200E2D3BE /* Frameworks */,
				602152341C79EB0200E2D3BE /* Resources */,
			);
			buildRules = (
			);
			dependencies = (
				602152381C79EB0200E2D3BE /* PBXTargetDependency */,
			);
			name = langnuoUITests;
			productName = langnuoUITests;
			productReference = 602152361C79EB0200E2D3BE /* langnuoUITests.xctest */;
			productType = "com.apple.product-type.bundle.ui-testing";
		};
/* End PBXNativeTarget section */

/* Begin PBXProject section */
		6021520A1C79EB0200E2D3BE /* Project object */ = {
			isa = PBXProject;
			attributes = {
				LastUpgradeCheck = 0720;
				ORGANIZATIONNAME = liuyinghui;
				TargetAttributes = {
					602152111C79EB0200E2D3BE = {
						CreatedOnToolsVersion = 7.2;
						DevelopmentTeam = 65J33BTY96;
					};
					6021522A1C79EB0200E2D3BE = {
						CreatedOnToolsVersion = 7.2;
						TestTargetID = 602152111C79EB0200E2D3BE;
					};
					602152351C79EB0200E2D3BE = {
						CreatedOnToolsVersion = 7.2;
						TestTargetID = 602152111C79EB0200E2D3BE;
					};
				};
			};
			buildConfigurationList = 6021520D1C79EB0200E2D3BE /* Build configuration list for PBXProject "langnuo" */;
			compatibilityVersion = "Xcode 3.2";
			developmentRegion = English;
			hasScannedForEncodings = 0;
			knownRegions = (
				en,
				Base,
			);
			mainGroup = 602152091C79EB0200E2D3BE;
			productRefGroup = 602152131C79EB0200E2D3BE /* Products */;
			projectDirPath = "";
			projectRoot = "";
			targets = (
				602152111C79EB0200E2D3BE /* langnuo */,
				6021522A1C79EB0200E2D3BE /* langnuoTests */,
				602152351C79EB0200E2D3BE /* langnuoUITests */,
			);
		};
/* End PBXProject section */

/* Begin PBXResourcesBuildPhase section */
		602152101C79EB0200E2D3BE /* Resources */ = {
			isa = PBXResourcesBuildPhase;
			buildActionMask = 2147483647;
			files = (
				602152251C79EB0200E2D3BE /* LaunchScreen.storyboard in Resources */,
				602152221C79EB0200E2D3BE /* Assets.xcassets in Resources */,
				60B6F6CE1C868514003C8F39 /* IOS知识结构图.png in Resources */,
				602152201C79EB0200E2D3BE /* Main.storyboard in Resources */,
			);
			runOnlyForDeploymentPostprocessing = 0;
		};
		602152291C79EB0200E2D3BE /* Resources */ = {
			isa = PBXResourcesBuildPhase;
			buildActionMask = 2147483647;
			files = (
			);
			runOnlyForDeploymentPostprocessing = 0;
		};
		602152341C79EB0200E2D3BE /* Resources */ = {
			isa = PBXResourcesBuildPhase;
			buildActionMask = 2147483647;
			files = (
			);
			runOnlyForDeploymentPostprocessing = 0;
		};
/* End PBXResourcesBuildPhase section */

/* Begin PBXSourcesBuildPhase section */
		6021520E1C79EB0200E2D3BE /* Sources */ = {
			isa = PBXSourcesBuildPhase;
			buildActionMask = 2147483647;
			files = (
				6021521D1C79EB0200E2D3BE /* ViewController.m in Sources */,
				6021521A1C79EB0200E2D3BE /* AppDelegate.m in Sources */,
				602152171C79EB0200E2D3BE /* main.m in Sources */,
				608456201E7774C50099A529 /* langnuoTabBarViewController.m in Sources */,
			);
			runOnlyForDeploymentPostprocessing = 0;
		};
		602152271C79EB0200E2D3BE /* Sources */ = {
			isa = PBXSourcesBuildPhase;
			buildActionMask = 2147483647;
			files = (
				602152301C79EB0200E2D3BE /* langnuoTests.m in Sources */,
			);
			runOnlyForDeploymentPostprocessing = 0;
		};
		602152321C79EB0200E2D3BE /* Sources */ = {
			isa = PBXSourcesBuildPhase;
			buildActionMask = 2147483647;
			files = (
				6021523B1C79EB0200E2D3BE /* langnuoUITests.m in Sources */,
			);
			runOnlyForDeploymentPostprocessing = 0;
		};
/* End PBXSourcesBuildPhase section */

/* Begin PBXTargetDependency section */
		6021522D1C79EB0200E2D3BE /* PBXTargetDependency */ = {
			isa = PBXTargetDependency;
			target = 602152111C79EB0200E2D3BE /* langnuo */;
			targetProxy = 6021522C1C79EB0200E2D3BE /* PBXContainerItemProxy */;
		};
		602152381C79EB0200E2D3BE /* PBXTargetDependency */ = {
			isa = PBXTargetDependency;
			target = 602152111C79EB0200E2D3BE /* langnuo */;
			targetProxy = 602152371C79EB0200E2D3BE /* PBXContainerItemProxy */;
		};
/* End PBXTargetDependency section */

/* Begin PBXVariantGroup section */
		6021521E1C79EB0200E2D3BE /* Main.storyboard */ = {
			isa = PBXVariantGroup;
			children = (
				6021521F1C79EB0200E2D3BE /* Base */,
			);
			name = Main.storyboard;
			sourceTree = "<group>";
		};
		602152231C79EB0200E2D3BE /* LaunchScreen.storyboard */ = {
			isa = PBXVariantGroup;
			children = (
				602152241C79EB0200E2D3BE /* Base */,
			);
			name = LaunchScreen.storyboard;
			sourceTree = "<group>";
		};
/* End PBXVariantGroup section */

/* Begin XCBuildConfiguration section */
		6021523D1C79EB0200E2D3BE /* Debug */ = {
			isa = XCBuildConfiguration;
			buildSettings = {
				ALWAYS_SEARCH_USER_PATHS = NO;
				CLANG_CXX_LANGUAGE_STANDARD = "gnu++0x";
				CLANG_CXX_LIBRARY = "libc++";
				CLANG_ENABLE_MODULES = YES;
				CLANG_ENABLE_OBJC_ARC = YES;
				CLANG_WARN_BOOL_CONVERSION = YES;
				CLANG_WARN_CONSTANT_CONVERSION = YES;
				CLANG_WARN_DIRECT_OBJC_ISA_USAGE = YES_ERROR;
				CLANG_WARN_EMPTY_BODY = YES;
				CLANG_WARN_ENUM_CONVERSION = YES;
				CLANG_WARN_INT_CONVERSION = YES;
				CLANG_WARN_OBJC_ROOT_CLASS = YES_ERROR;
				CLANG_WARN_UNREACHABLE_CODE = YES;
				CLANG_WARN__DUPLICATE_METHOD_MATCH = YES;
				"CODE_SIGN_IDENTITY[sdk=iphoneos*]" = "iPhone Developer";
				COPY_PHASE_STRIP = NO;
				DEBUG_INFORMATION_FORMAT = dwarf;
				ENABLE_STRICT_OBJC_MSGSEND = YES;
				ENABLE_TESTABILITY = YES;
				GCC_C_LANGUAGE_STANDARD = gnu99;
				GCC_DYNAMIC_NO_PIC = NO;
				GCC_NO_COMMON_BLOCKS = YES;
				GCC_OPTIMIZATION_LEVEL = 0;
				GCC_PREPROCESSOR_DEFINITIONS = (
					"DEBUG=1",
					"$(inherited)",
				);
				GCC_WARN_64_TO_32_BIT_CONVERSION = YES;
				GCC_WARN_ABOUT_RETURN_TYPE = YES_ERROR;
				GCC_WARN_UNDECLARED_SELECTOR = YES;
				GCC_WARN_UNINITIALIZED_AUTOS = YES_AGGRESSIVE;
				GCC_WARN_UNUSED_FUNCTION = YES;
				GCC_WARN_UNUSED_VARIABLE = YES;
				IPHONEOS_DEPLOYMENT_TARGET = 9.2;
				MTL_ENABLE_DEBUG_INFO = YES;
				ONLY_ACTIVE_ARCH = YES;
				SDKROOT = iphoneos;
			};
			name = Debug;
		};
		6021523E1C79EB0200E2D3BE /* Release */ = {
			isa = XCBuildConfiguration;
			buildSettings = {
				ALWAYS_SEARCH_USER_PATHS = NO;
				CLANG_CXX_LANGUAGE_STANDARD = "gnu++0x";
				CLANG_CXX_LIBRARY = "libc++";
				CLANG_ENABLE_MODULES = YES;
				CLANG_ENABLE_OBJC_ARC = YES;
				CLANG_WARN_BOOL_CONVERSION = YES;
				CLANG_WARN_CONSTANT_CONVERSION = YES;
				CLANG_WARN_DIRECT_OBJC_ISA_USAGE = YES_ERROR;
				CLANG_WARN_EMPTY_BODY = YES;
				CLANG_WARN_ENUM_CONVERSION = YES;
				CLANG_WARN_INT_CONVERSION = YES;
				CLANG_WARN_OBJC_ROOT_CLASS = YES_ERROR;
				CLANG_WARN_UNREACHABLE_CODE = YES;
				CLANG_WARN__DUPLICATE_METHOD_MATCH = YES;
				"CODE_SIGN_IDENTITY[sdk=iphoneos*]" = "iPhone Developer";
				COPY_PHASE_STRIP = NO;
				DEBUG_INFORMATION_FORMAT = "dwarf-with-dsym";
				ENABLE_NS_ASSERTIONS = NO;
				ENABLE_STRICT_OBJC_MSGSEND = YES;
				GCC_C_LANGUAGE_STANDARD = gnu99;
				GCC_NO_COMMON_BLOCKS = YES;
				GCC_WARN_64_TO_32_BIT_CONVERSION = YES;
				GCC_WARN_ABOUT_RETURN_TYPE = YES_ERROR;
				GCC_WARN_UNDECLARED_SELECTOR = YES;
				GCC_WARN_UNINITIALIZED_AUTOS = YES_AGGRESSIVE;
				GCC_WARN_UNUSED_FUNCTION = YES;
				GCC_WARN_UNUSED_VARIABLE = YES;
				IPHONEOS_DEPLOYMENT_TARGET = 9.2;
				MTL_ENABLE_DEBUG_INFO = NO;
				SDKROOT = iphoneos;
				VALIDATE_PRODUCT = YES;
			};
			name = Release;
		};
		602152401C79EB0200E2D3BE /* Debug */ = {
			isa = XCBuildConfiguration;
			buildSettings = {
				ASSETCATALOG_COMPILER_APPICON_NAME = AppIcon;
				DEVELOPMENT_TEAM = 65J33BTY96;
				INFOPLIST_FILE = langnuo/Info.plist;
				LD_RUNPATH_SEARCH_PATHS = "$(inherited) @executable_path/Frameworks";
				PRODUCT_BUNDLE_IDENTIFIER = liuyinghui.langnuo;
				PRODUCT_NAME = "$(TARGET_NAME)";
			};
			name = Debug;
		};
		602152411C79EB0200E2D3BE /* Release */ = {
			isa = XCBuildConfiguration;
			buildSettings = {
				ASSETCATALOG_COMPILER_APPICON_NAME = AppIcon;
				DEVELOPMENT_TEAM = 65J33BTY96;
				INFOPLIST_FILE = langnuo/Info.plist;
				LD_RUNPATH_SEARCH_PATHS = "$(inherited) @executable_path/Frameworks";
				PRODUCT_BUNDLE_IDENTIFIER = liuyinghui.langnuo;
				PRODUCT_NAME = "$(TARGET_NAME)";
			};
			name = Release;
		};
		602152431C79EB0200E2D3BE /* Debug */ = {
			isa = XCBuildConfiguration;
			buildSettings = {
				BUNDLE_LOADER = "$(TEST_HOST)";
				INFOPLIST_FILE = langnuoTests/Info.plist;
				LD_RUNPATH_SEARCH_PATHS = "$(inherited) @executable_path/Frameworks @loader_path/Frameworks";
				PRODUCT_BUNDLE_IDENTIFIER = liuyinghui.langnuoTests;
				PRODUCT_NAME = "$(TARGET_NAME)";
				TEST_HOST = "$(BUILT_PRODUCTS_DIR)/langnuo.app/langnuo";
			};
			name = Debug;
		};
		602152441C79EB0200E2D3BE /* Release */ = {
			isa = XCBuildConfiguration;
			buildSettings = {
				BUNDLE_LOADER = "$(TEST_HOST)";
				INFOPLIST_FILE = langnuoTests/Info.plist;
				LD_RUNPATH_SEARCH_PATHS = "$(inherited) @executable_path/Frameworks @loader_path/Frameworks";
				PRODUCT_BUNDLE_IDENTIFIER = liuyinghui.langnuoTests;
				PRODUCT_NAME = "$(TARGET_NAME)";
				TEST_HOST = "$(BUILT_PRODUCTS_DIR)/langnuo.app/langnuo";
			};
			name = Release;
		};
		602152461C79EB0200E2D3BE /* Debug */ = {
			isa = XCBuildConfiguration;
			buildSettings = {
				INFOPLIST_FILE = langnuoUITests/Info.plist;
				LD_RUNPATH_SEARCH_PATHS = "$(inherited) @executable_path/Frameworks @loader_path/Frameworks";
				PRODUCT_BUNDLE_IDENTIFIER = liuyinghui.langnuoUITests;
				PRODUCT_NAME = "$(TARGET_NAME)";
				TEST_TARGET_NAME = langnuo;
				USES_XCTRUNNER = YES;
			};
			name = Debug;
		};
		602152471C79EB0200E2D3BE /* Release */ = {
			isa = XCBuildConfiguration;
			buildSettings = {
				INFOPLIST_FILE = langnuoUITests/Info.plist;
				LD_RUNPATH_SEARCH_PATHS = "$(inherited) @executable_path/Frameworks @loader_path/Frameworks";
				PRODUCT_BUNDLE_IDENTIFIER = liuyinghui.langnuoUITests;
				PRODUCT_NAME = "$(TARGET_NAME)";
				TEST_TARGET_NAME = langnuo;
				USES_XCTRUNNER = YES;
			};
			name = Release;
		};
/* End XCBuildConfiguration section */

/* Begin XCConfigurationList section */
		6021520D1C79EB0200E2D3BE /* Build configuration list for PBXProject "langnuo" */ = {
			isa = XCConfigurationList;
			buildConfigurations = (
				6021523D1C79EB0200E2D3BE /* Debug */,
				6021523E1C79EB0200E2D3BE /* Release */,
			);
			defaultConfigurationIsVisible = 0;
			defaultConfigurationName = Release;
		};
		6021523F1C79EB0200E2D3BE /* Build configuration list for PBXNativeTarget "langnuo" */ = {
			isa = XCConfigurationList;
			buildConfigurations = (
				602152401C79EB0200E2D3BE /* Debug */,
				602152411C79EB0200E2D3BE /* Release */,
			);
			defaultConfigurationIsVisible = 0;
			defaultConfigurationName = Release;
		};
		602152421C79EB0200E2D3BE /* Build configuration list for PBXNativeTarget "langnuoTests" */ = {
			isa = XCConfigurationList;
			buildConfigurations = (
				602152431C79EB0200E2D3BE /* Debug */,
				602152441C79EB0200E2D3BE /* Release */,
			);
			defaultConfigurationIsVisible = 0;
			defaultConfigurationName = Release;
		};
		602152451C79EB0200E2D3BE /* Build configuration list for PBXNativeTarget "langnuoUITests" */ = {
			isa = XCConfigurationList;
			buildConfigurations = (
				602152461C79EB0200E2D3BE /* Debug */,
				602152471C79EB0200E2D3BE /* Release */,
			);
			defaultConfigurationIsVisible = 0;
			defaultConfigurationName = Release;
		};
/* End XCConfigurationList section */
	};
	rootObject = 6021520A1C79EB0200E2D3BE /* Project object */;
}
